<?xml version="1.0" encoding="utf-8"?>
<Project ToolsVersion="4.0" xmlns="http://schemas.microsoft.com/developer/msbuild/2003">
  <ItemGroup>
    <Filter Include="Source Files">
      <UniqueIdentifier>{4FC737F1-C7A5-4376-A066-2A32D752A2FF}</UniqueIdentifier>
      <Extensions>cpp;c;cc;cxx;c++;cppm;ixx;def;odl;idl;hpj;bat;asm;asmx</Extensions>
    </Filter>
    <Filter Include="Header Files">
      <UniqueIdentifier>{93995380-89BD-4b04-88EB-625FBE52EBFB}</UniqueIdentifier>
      <Extensions>h;hh;hpp;hxx;h++;hm;inl;inc;ipp;xsd</Extensions>
    </Filter>
    <Filter Include="Resource Files">
      <UniqueIdentifier>{67DA6AB6-F800-4c08-8B7A-83BB121AAD01}</UniqueIdentifier>
      <Extensions>rc;ico;cur;bmp;dlg;rc2;rct;bin;rgs;gif;jpg;jpeg;jpe;resx;tiff;tif;png;wav;mfcribbon-ms</Extensions>
    </Filter>
  </ItemGroup>
  <ItemGroup>
    <ClCompile Include="main.cpp">
      <Filter>Source Files</Filter>
    </ClCompile>
    <ClCompile Include="PlayWindow.cpp">
      <Filter>Source Files</Filter>
    </ClCompile>
    <ClCompile Include="Battle_city.cpp">
      <Filter>Source Files</Filter>
    </ClCompile>
    <ClCompile Include="ControlsWindow.cpp">
      <Filter>Source Files</Filter>
    </ClCompile>
    <ClCompile Include="LoginWindow.cpp">
      <Filter>Source Files</Filter>
    </ClCompile>
    <ClCompile Include="ConnectWindow.cpp">
      <Filter>Source Files</Filter>
    </ClCompile>
    <ClCompile Include="LevelsWindow.cpp">
      <Filter>Source Files</Filter>
    </ClCompile>
    <ClCompile Include="GameMapInterface.cpp">
      <Filter>Source Files</Filter>
    </ClCompile>
    <ClCompile Include="ServerUtils.cpp">
      <Filter>Source Files</Filter>
    </ClCompile>
    <ClCompile Include="CustomToolBar.cpp">
      <Filter>Source Files</Filter>
    </ClCompile>
  </ItemGroup>
  <ItemGroup>
    <QtMoc Include="PlayWindow.h">
      <Filter>Header Files</Filter>
    </QtMoc>
    <QtMoc Include="Battle_city.h">
      <Filter>Header Files</Filter>
    </QtMoc>
    <QtMoc Include="LoginWindow.h">
      <Filter>Header Files</Filter>
    </QtMoc>
    <QtMoc Include="ControlsWindow.h">
      <Filter>Header Files</Filter>
    </QtMoc>
    <QtMoc Include="ConnectWindow.h">
      <Filter>Header Files</Filter>
    </QtMoc>
    <QtMoc Include="LevelsWindow.h">
      <Filter>Header Files</Filter>
    </QtMoc>
    <QtMoc Include="GameMapInterface.h">
      <Filter>Header Files</Filter>
    </QtMoc>
    <QtMoc Include="CustomToolBar.h">
      <Filter>Header Files</Filter>
    </QtMoc>
  </ItemGroup>
  <ItemGroup>
    <Image Include="Battle_city.jpg">
      <Filter>Resource Files</Filter>
    </Image>
    <Image Include="background.jpg">
      <Filter>Resource Files</Filter>
    </Image>
    <Image Include="include_girls_logo.jpg">
      <Filter>Resource Files</Filter>
    </Image>
  </ItemGroup>
  <ItemGroup>
    <QtUic Include="Battle_city.ui">
      <Filter>Resource Files</Filter>
    </QtUic>
    <QtUic Include="ControlsWindow.ui">
      <Filter>Resource Files</Filter>
    </QtUic>
    <QtUic Include="LoginWindow.ui">
      <Filter>Resource Files</Filter>
    </QtUic>
    <QtUic Include="GameMapInterface.ui">
      <Filter>Resource Files</Filter>
    </QtUic>
  </ItemGroup>
  <ItemGroup>
    <ClInclude Include="ServerUtils.h">
      <Filter>Header Files</Filter>
    </ClInclude>
  </ItemGroup>
</Project>